
Microsoft Visual Studio Solution File, Format Version 12.00
# Visual Studio Version 17
VisualStudioVersion = 17.3.32929.385
MinimumVisualStudioVersion = 10.0.40219.1
Project("{FAE04EC0-301F-11D3-BF4B-00C04F79EFBC}") = "Sequence 2k+1", "Sequence 2k+1.csproj", "{C52A23F4-30D0-4BBB-B4E4-045C88BF9CD0}"
EndProject
Global
	GlobalSection(SolutionConfigurationPlatforms) = preSolution
		Debug|Any CPU = Debug|Any CPU
		Release|Any CPU = Release|Any CPU
	EndGlobalSection
	GlobalSection(ProjectConfigurationPlatforms) = postSolution
		{C52A23F4-30D0-4BBB-B4E4-045C88BF9CD0}.Debug|Any CPU.ActiveCfg = Debug|Any CPU
		{C52A23F4-30D0-4BBB-B4E4-045C88BF9CD0}.Debug|Any CPU.Build.0 = Debug|Any CPU
		{C52A23F4-30D0-4BBB-B4E4-045C88BF9CD0}.Release|Any CPU.ActiveCfg = Release|Any CPU
		{C52A23F4-30D0-4BBB-B4E4-045C88BF9CD0}.Release|Any CPU.Build.0 = Release|Any CPU
	EndGlobalSection
	GlobalSection(SolutionProperties) = preSolution
		HideSolutionNode = FALSE
	EndGlobalSection
	GlobalSection(ExtensibilityGlobals) = postSolution
		SolutionGuid = {F03E56FC-7D42-45B9-BCE9-85C8401A268B}
	EndGlobalSection
EndGlobal
